// !$*UTF8*$!
{
	archiveVersion = 1;
	classes = {
	};
	objectVersion = 55;
	objects = {

/* Begin PBXBuildFile section */
		F54A94D8283504E5002652C2 /* AppDelegate.swift in Sources */ = {isa = PBXBuildFile; fileRef = F54A94D7283504E5002652C2 /* AppDelegate.swift */; };
		F54A94DA283504E5002652C2 /* SceneDelegate.swift in Sources */ = {isa = PBXBuildFile; fileRef = F54A94D9283504E5002652C2 /* SceneDelegate.swift */; };
		F54A94DC283504E5002652C2 /* ViewControllerApp.swift in Sources */ = {isa = PBXBuildFile; fileRef = F54A94DB283504E5002652C2 /* ViewControllerApp.swift */; };
		F54A94DF283504E5002652C2 /* Main.storyboard in Resources */ = {isa = PBXBuildFile; fileRef = F54A94DD283504E5002652C2 /* Main.storyboard */; };
		F54A94E1283504E7002652C2 /* Assets.xcassets in Resources */ = {isa = PBXBuildFile; fileRef = F54A94E0283504E7002652C2 /* Assets.xcassets */; };
		F54A94E4283504E7002652C2 /* LaunchScreen.storyboard in Resources */ = {isa = PBXBuildFile; fileRef = F54A94E2283504E7002652C2 /* LaunchScreen.storyboard */; };
		F54A94EC28350542002652C2 /* VievModel.swift in Sources */ = {isa = PBXBuildFile; fileRef = F54A94EB28350542002652C2 /* VievModel.swift */; };
		F54A94F4283BD0DC002652C2 /* AddExpences.swift in Sources */ = {isa = PBXBuildFile; fileRef = F54A94F3283BD0DC002652C2 /* AddExpences.swift */; };
		F54A94FB283E0E0B002652C2 /* ExpenceTableViewCell.swift in Sources */ = {isa = PBXBuildFile; fileRef = F54A94F9283E0E0B002652C2 /* ExpenceTableViewCell.swift */; };
		F54A94FC283E0E0B002652C2 /* ExpenceTableViewCell.xib in Resources */ = {isa = PBXBuildFile; fileRef = F54A94FA283E0E0B002652C2 /* ExpenceTableViewCell.xib */; };
		F599DDDC2860BD51004F8A9B /* itemCellController.swift in Sources */ = {isa = PBXBuildFile; fileRef = F599DDDB2860BD51004F8A9B /* itemCellController.swift */; };
/* End PBXBuildFile section */

/* Begin PBXFileReference section */
		F54A94D4283504E5002652C2 /* Libra расходы.app */ = {isa = PBXFileReference; explicitFileType = wrapper.application; includeInIndex = 0; path = "Libra расходы.app"; sourceTree = BUILT_PRODUCTS_DIR; };
		F54A94D7283504E5002652C2 /* AppDelegate.swift */ = {isa = PBXFileReference; lastKnownFileType = sourcecode.swift; path = AppDelegate.swift; sourceTree = "<group>"; };
		F54A94D9283504E5002652C2 /* SceneDelegate.swift */ = {isa = PBXFileReference; lastKnownFileType = sourcecode.swift; path = SceneDelegate.swift; sourceTree = "<group>"; };
		F54A94DB283504E5002652C2 /* ViewControllerApp.swift */ = {isa = PBXFileReference; lastKnownFileType = sourcecode.swift; path = ViewControllerApp.swift; sourceTree = "<group>"; };
		F54A94DE283504E5002652C2 /* Base */ = {isa = PBXFileReference; lastKnownFileType = file.storyboard; name = Base; path = Base.lproj/Main.storyboard; sourceTree = "<group>"; };
		F54A94E0283504E7002652C2 /* Assets.xcassets */ = {isa = PBXFileReference; lastKnownFileType = folder.assetcatalog; path = Assets.xcassets; sourceTree = "<group>"; };
		F54A94E3283504E7002652C2 /* Base */ = {isa = PBXFileReference; lastKnownFileType = file.storyboard; name = Base; path = Base.lproj/LaunchScreen.storyboard; sourceTree = "<group>"; };
		F54A94E5283504E7002652C2 /* Info.plist */ = {isa = PBXFileReference; lastKnownFileType = text.plist.xml; path = Info.plist; sourceTree = "<group>"; };
		F54A94EB28350542002652C2 /* VievModel.swift */ = {isa = PBXFileReference; lastKnownFileType = sourcecode.swift; path = VievModel.swift; sourceTree = "<group>"; };
		F54A94F3283BD0DC002652C2 /* AddExpences.swift */ = {isa = PBXFileReference; lastKnownFileType = sourcecode.swift; path = AddExpences.swift; sourceTree = "<group>"; };
		F54A94F9283E0E0B002652C2 /* ExpenceTableViewCell.swift */ = {isa = PBXFileReference; lastKnownFileType = sourcecode.swift; path = ExpenceTableViewCell.swift; sourceTree = "<group>"; };
		F54A94FA283E0E0B002652C2 /* ExpenceTableViewCell.xib */ = {isa = PBXFileReference; lastKnownFileType = file.xib; path = ExpenceTableViewCell.xib; sourceTree = "<group>"; };
		F599DDDB2860BD51004F8A9B /* itemCellController.swift */ = {isa = PBXFileReference; lastKnownFileType = sourcecode.swift; path = itemCellController.swift; sourceTree = "<group>"; };
/* End PBXFileReference section */

/* Begin PBXFrameworksBuildPhase section */
		F54A94D1283504E5002652C2 /* Frameworks */ = {
			isa = PBXFrameworksBuildPhase;
			buildActionMask = 2147483647;
			files = (
			);
			runOnlyForDeploymentPostprocessing = 0;
		};
/* End PBXFrameworksBuildPhase section */

/* Begin PBXGroup section */
		F54A94CB283504E5002652C2 = {
			isa = PBXGroup;
			children = (
				F54A94D6283504E5002652C2 /* Libra расходы */,
				F54A94D5283504E5002652C2 /* Products */,
			);
			sourceTree = "<group>";
		};
		F54A94D5283504E5002652C2 /* Products */ = {
			isa = PBXGroup;
			children = (
				F54A94D4283504E5002652C2 /* Libra расходы.app */,
			);
			name = Products;
			sourceTree = "<group>";
		};
		F54A94D6283504E5002652C2 /* Libra расходы */ = {
			isa = PBXGroup;
			children = (
				F54A94EB28350542002652C2 /* VievModel.swift */,
				F54A94DB283504E5002652C2 /* ViewControllerApp.swift */,
				F54A94DD283504E5002652C2 /* Main.storyboard */,
				F54A94F3283BD0DC002652C2 /* AddExpences.swift */,
				F54A94D7283504E5002652C2 /* AppDelegate.swift */,
				F54A94D9283504E5002652C2 /* SceneDelegate.swift */,
				F54A94E0283504E7002652C2 /* Assets.xcassets */,
				F54A94E2283504E7002652C2 /* LaunchScreen.storyboard */,
				F54A94E5283504E7002652C2 /* Info.plist */,
				F54A94F9283E0E0B002652C2 /* ExpenceTableViewCell.swift */,
				F54A94FA283E0E0B002652C2 /* ExpenceTableViewCell.xib */,
				F599DDDB2860BD51004F8A9B /* itemCellController.swift */,
			);
			path = "Libra расходы";
			sourceTree = "<group>";
		};
/* End PBXGroup section */

/* Begin PBXNativeTarget section */
		F54A94D3283504E5002652C2 /* Libra расходы */ = {
			isa = PBXNativeTarget;
			buildConfigurationList = F54A94E8283504E7002652C2 /* Build configuration list for PBXNativeTarget "Libra расходы" */;
			buildPhases = (
				F54A94D0283504E5002652C2 /* Sources */,
				F54A94D1283504E5002652C2 /* Frameworks */,
				F54A94D2283504E5002652C2 /* Resources */,
			);
			buildRules = (
			);
			dependencies = (
			);
			name = "Libra расходы";
			productName = "Libra расходы";
			productReference = F54A94D4283504E5002652C2 /* Libra расходы.app */;
			productType = "com.apple.product-type.application";
		};
/* End PBXNativeTarget section */

/* Begin PBXProject section */
		F54A94CC283504E5002652C2 /* Project object */ = {
			isa = PBXProject;
			attributes = {
				BuildIndependentTargetsInParallel = 1;
				LastSwiftUpdateCheck = 1320;
				LastUpgradeCheck = 1320;
				TargetAttributes = {
					F54A94D3283504E5002652C2 = {
						CreatedOnToolsVersion = 13.2.1;
					};
				};
			};
			buildConfigurationList = F54A94CF283504E5002652C2 /* Build configuration list for PBXProject "Libra расходы" */;
			compatibilityVersion = "Xcode 13.0";
			developmentRegion = en;
			hasScannedForEncodings = 0;
			knownRegions = (
				en,
				Base,
			);
			mainGroup = F54A94CB283504E5002652C2;
			productRefGroup = F54A94D5283504E5002652C2 /* Products */;
			projectDirPath = "";
			projectRoot = "";
			targets = (
				F54A94D3283504E5002652C2 /* Libra расходы */,
			);
		};
/* End PBXProject section */

/* Begin PBXResourcesBuildPhase section */
		F54A94D2283504E5002652C2 /* Resources */ = {
			isa = PBXResourcesBuildPhase;
			buildActionMask = 2147483647;
			files = (
				F54A94FC283E0E0B002652C2 /* ExpenceTableViewCell.xib in Resources */,
				F54A94E4283504E7002652C2 /* LaunchScreen.storyboard in Resources */,
				F54A94E1283504E7002652C2 /* Assets.xcassets in Resources */,
				F54A94DF283504E5002652C2 /* Main.storyboard in Resources */,
			);
			runOnlyForDeploymentPostprocessing = 0;
		};
/* End PBXResourcesBuildPhase section */

/* Begin PBXSourcesBuildPhase section */
		F54A94D0283504E5002652C2 /* Sources */ = {
			isa = PBXSourcesBuildPhase;
			buildActionMask = 2147483647;
			files = (
				F599DDDC2860BD51004F8A9B /* itemCellController.swift in Sources */,
				F54A94DC283504E5002652C2 /* ViewControllerApp.swift in Sources */,
				F54A94EC28350542002652C2 /* VievModel.swift in Sources */,
				F54A94D8283504E5002652C2 /* AppDelegate.swift in Sources */,
				F54A94DA283504E5002652C2 /* SceneDelegate.swift in Sources */,
				F54A94FB283E0E0B002652C2 /* ExpenceTableViewCell.swift in Sources */,
				F54A94F4283BD0DC002652C2 /* AddExpences.swift in Sources */,
			);
			runOnlyForDeploymentPostprocessing = 0;
		};
/* End PBXSourcesBuildPhase section */

/* Begin PBXVariantGroup section */
		F54A94DD283504E5002652C2 /* Main.storyboard */ = {
			isa = PBXVariantGroup;
			children = (
				F54A94DE283504E5002652C2 /* Base */,
			);
			name = Main.storyboard;
			sourceTree = "<group>";
		};
		F54A94E2283504E7002652C2 /* LaunchScreen.storyboard */ = {
			isa = PBXVariantGroup;
			children = (
				F54A94E3283504E7002652C2 /* Base */,
			);
			name = LaunchScreen.storyboard;
			sourceTree = "<group>";
		};
/* End PBXVariantGroup section */

/* Begin XCBuildConfiguration section */
		F54A94E6283504E7002652C2 /* Debug */ = {
			isa = XCBuildConfiguration;
			buildSettings = {
				ALWAYS_SEARCH_USER_PATHS = NO;
				CLANG_ANALYZER_NONNULL = YES;
				CLANG_ANALYZER_NUMBER_OBJECT_CONVERSION = YES_AGGRESSIVE;
				CLANG_CXX_LANGUAGE_STANDARD = "gnu++17";
				CLANG_CXX_LIBRARY = "libc++";
				CLANG_ENABLE_MODULES = YES;
				CLANG_ENABLE_OBJC_ARC = YES;
				CLANG_ENABLE_OBJC_WEAK = YES;
				CLANG_WARN_BLOCK_CAPTURE_AUTORELEASING = YES;
				CLANG_WARN_BOOL_CONVERSION = YES;
				CLANG_WARN_COMMA = YES;
				CLANG_WARN_CONSTANT_CONVERSION = YES;
				CLANG_WARN_DEPRECATED_OBJC_IMPLEMENTATIONS = YES;
				CLANG_WARN_DIRECT_OBJC_ISA_USAGE = YES_ERROR;
				CLANG_WARN_DOCUMENTATION_COMMENTS = YES;
				CLANG_WARN_EMPTY_BODY = YES;
				CLANG_WARN_ENUM_CONVERSION = YES;
				CLANG_WARN_INFINITE_RECURSION = YES;
				CLANG_WARN_INT_CONVERSION = YES;
				CLANG_WARN_NON_LITERAL_NULL_CONVERSION = YES;
				CLANG_WARN_OBJC_IMPLICIT_RETAIN_SELF = YES;
				CLANG_WARN_OBJC_LITERAL_CONVERSION = YES;
				CLANG_WARN_OBJC_ROOT_CLASS = YES_ERROR;
				CLANG_WARN_QUOTED_INCLUDE_IN_FRAMEWORK_HEADER = YES;
				CLANG_WARN_RANGE_LOOP_ANALYSIS = YES;
				CLANG_WARN_STRICT_PROTOTYPES = YES;
				CLANG_WARN_SUSPICIOUS_MOVE = YES;
				CLANG_WARN_UNGUARDED_AVAILABILITY = YES_AGGRESSIVE;
				CLANG_WARN_UNREACHABLE_CODE = YES;
				CLANG_WARN__DUPLICATE_METHOD_MATCH = YES;
				COPY_PHASE_STRIP = NO;
				DEBUG_INFORMATION_FORMAT = dwarf;
				ENABLE_STRICT_OBJC_MSGSEND = YES;
				ENABLE_TESTABILITY = YES;
				GCC_C_LANGUAGE_STANDARD = gnu11;
				GCC_DYNAMIC_NO_PIC = NO;
				GCC_NO_COMMON_BLOCKS = YES;
				GCC_OPTIMIZATION_LEVEL = 0;
				GCC_PREPROCESSOR_DEFINITIONS = (
					"DEBUG=1",
					"$(inherited)",
				);
				GCC_WARN_64_TO_32_BIT_CONVERSION = YES;
				GCC_WARN_ABOUT_RETURN_TYPE = YES_ERROR;
				GCC_WARN_UNDECLARED_SELECTOR = YES;
				GCC_WARN_UNINITIALIZED_AUTOS = YES_AGGRESSIVE;
				GCC_WARN_UNUSED_FUNCTION = YES;
				GCC_WARN_UNUSED_VARIABLE = YES;
				IPHONEOS_DEPLOYMENT_TARGET = 15.2;
				MTL_ENABLE_DEBUG_INFO = INCLUDE_SOURCE;
				MTL_FAST_MATH = YES;
				ONLY_ACTIVE_ARCH = YES;
				SDKROOT = iphoneos;
				SWIFT_ACTIVE_COMPILATION_CONDITIONS = DEBUG;
				SWIFT_OPTIMIZATION_LEVEL = "-Onone";
			};
			name = Debug;
		};
		F54A94E7283504E7002652C2 /* Release */ = {
			isa = XCBuildConfiguration;
			buildSettings = {
				ALWAYS_SEARCH_USER_PATHS = NO;
				CLANG_ANALYZER_NONNULL = YES;
				CLANG_ANALYZER_NUMBER_OBJECT_CONVERSION = YES_AGGRESSIVE;
				CLANG_CXX_LANGUAGE_STANDARD = "gnu++17";
				CLANG_CXX_LIBRARY = "libc++";
				CLANG_ENABLE_MODULES = YES;
				CLANG_ENABLE_OBJC_ARC = YES;
				CLANG_ENABLE_OBJC_WEAK = YES;
				CLANG_WARN_BLOCK_CAPTURE_AUTORELEASING = YES;
				CLANG_WARN_BOOL_CONVERSION = YES;
				CLANG_WARN_COMMA = YES;
				CLANG_WARN_CONSTANT_CONVERSION = YES;
				CLANG_WARN_DEPRECATED_OBJC_IMPLEMENTATIONS = YES;
				CLANG_WARN_DIRECT_OBJC_ISA_USAGE = YES_ERROR;
				CLANG_WARN_DOCUMENTATION_COMMENTS = YES;
				CLANG_WARN_EMPTY_BODY = YES;
				CLANG_WARN_ENUM_CONVERSION = YES;
				CLANG_WARN_INFINITE_RECURSION = YES;
				CLANG_WARN_INT_CONVERSION = YES;
				CLANG_WARN_NON_LITERAL_NULL_CONVERSION = YES;
				CLANG_WARN_OBJC_IMPLICIT_RETAIN_SELF = YES;
				CLANG_WARN_OBJC_LITERAL_CONVERSION = YES;
				CLANG_WARN_OBJC_ROOT_CLASS = YES_ERROR;
				CLANG_WARN_QUOTED_INCLUDE_IN_FRAMEWORK_HEADER = YES;
				CLANG_WARN_RANGE_LOOP_ANALYSIS = YES;
				CLANG_WARN_STRICT_PROTOTYPES = YES;
				CLANG_WARN_SUSPICIOUS_MOVE = YES;
				CLANG_WARN_UNGUARDED_AVAILABILITY = YES_AGGRESSIVE;
				CLANG_WARN_UNREACHABLE_CODE = YES;
				CLANG_WARN__DUPLICATE_METHOD_MATCH = YES;
				COPY_PHASE_STRIP = NO;
				DEBUG_INFORMATION_FORMAT = "dwarf-with-dsym";
				ENABLE_NS_ASSERTIONS = NO;
				ENABLE_STRICT_OBJC_MSGSEND = YES;
				GCC_C_LANGUAGE_STANDARD = gnu11;
				GCC_NO_COMMON_BLOCKS = YES;
				GCC_WARN_64_TO_32_BIT_CONVERSION = YES;
				GCC_WARN_ABOUT_RETURN_TYPE = YES_ERROR;
				GCC_WARN_UNDECLARED_SELECTOR = YES;
				GCC_WARN_UNINITIALIZED_AUTOS = YES_AGGRESSIVE;
				GCC_WARN_UNUSED_FUNCTION = YES;
				GCC_WARN_UNUSED_VARIABLE = YES;
				IPHONEOS_DEPLOYMENT_TARGET = 15.2;
				MTL_ENABLE_DEBUG_INFO = NO;
				MTL_FAST_MATH = YES;
				SDKROOT = iphoneos;
				SWIFT_COMPILATION_MODE = wholemodule;
				SWIFT_OPTIMIZATION_LEVEL = "-O";
				VALIDATE_PRODUCT = YES;
			};
			name = Release;
		};
		F54A94E9283504E7002652C2 /* Debug */ = {
			isa = XCBuildConfiguration;
			buildSettings = {
				ASSETCATALOG_COMPILER_APPICON_NAME = AppIcon;
				ASSETCATALOG_COMPILER_GLOBAL_ACCENT_COLOR_NAME = AccentColor;
				CODE_SIGN_STYLE = Automatic;
				CURRENT_PROJECT_VERSION = 1;
				DEVELOPMENT_TEAM = AWFX5Y8QCG;
				GENERATE_INFOPLIST_FILE = YES;
				INFOPLIST_FILE = "Libra расходы/Info.plist";
				INFOPLIST_KEY_LSApplicationCategoryType = "";
				INFOPLIST_KEY_NSPhotoLibraryAddUsageDescription = "Plese allow  access to Photos";
				INFOPLIST_KEY_UIApplicationSupportsIndirectInputEvents = YES;
				INFOPLIST_KEY_UILaunchStoryboardName = LaunchScreen;
				INFOPLIST_KEY_UIMainStoryboardFile = Main;
				INFOPLIST_KEY_UISupportedInterfaceOrientations_iPad = "UIInterfaceOrientationPortrait UIInterfaceOrientationPortraitUpsideDown UIInterfaceOrientationLandscapeLeft UIInterfaceOrientationLandscapeRight";
				INFOPLIST_KEY_UISupportedInterfaceOrientations_iPhone = "UIInterfaceOrientationPortrait UIInterfaceOrientationLandscapeLeft UIInterfaceOrientationLandscapeRight";
				LD_RUNPATH_SEARCH_PATHS = (
					"$(inherited)",
					"@executable_path/Frameworks",
				);
				MARKETING_VERSION = 1.0;
				PRODUCT_BUNDLE_IDENTIFIER = "com.vlad.Libra--------";
				PRODUCT_NAME = "$(TARGET_NAME)";
				SWIFT_EMIT_LOC_STRINGS = YES;
				SWIFT_VERSION = 5.0;
				TARGETED_DEVICE_FAMILY = "1,2";
			};
			name = Debug;
		};
		F54A94EA283504E7002652C2 /* Release */ = {
			isa = XCBuildConfiguration;
			buildSettings = {
				ASSETCATALOG_COMPILER_APPICON_NAME = AppIcon;
				ASSETCATALOG_COMPILER_GLOBAL_ACCENT_COLOR_NAME = AccentColor;
				CODE_SIGN_STYLE = Automatic;
				CURRENT_PROJECT_VERSION = 1;
				DEVELOPMENT_TEAM = AWFX5Y8QCG;
				GENERATE_INFOPLIST_FILE = YES;
				INFOPLIST_FILE = "Libra расходы/Info.plist";
				INFOPLIST_KEY_LSApplicationCategoryType = "";
				INFOPLIST_KEY_NSPhotoLibraryAddUsageDescription = "Plese allow  access to Photos";
				INFOPLIST_KEY_UIApplicationSupportsIndirectInputEvents = YES;
				INFOPLIST_KEY_UILaunchStoryboardName = LaunchScreen;
				INFOPLIST_KEY_UIMainStoryboardFile = Main;
				INFOPLIST_KEY_UISupportedInterfaceOrientations_iPad = "UIInterfaceOrientationPortrait UIInterfaceOrientationPortraitUpsideDown UIInterfaceOrientationLandscapeLeft UIInterfaceOrientationLandscapeRight";
				INFOPLIST_KEY_UISupportedInterfaceOrientations_iPhone = "UIInterfaceOrientationPortrait UIInterfaceOrientationLandscapeLeft UIInterfaceOrientationLandscapeRight";
				LD_RUNPATH_SEARCH_PATHS = (
					"$(inherited)",
					"@executable_path/Frameworks",
				);
				MARKETING_VERSION = 1.0;
				PRODUCT_BUNDLE_IDENTIFIER = "com.vlad.Libra--------";
				PRODUCT_NAME = "$(TARGET_NAME)";
				SWIFT_EMIT_LOC_STRINGS = YES;
				SWIFT_VERSION = 5.0;
				TARGETED_DEVICE_FAMILY = "1,2";
			};
			name = Release;
		};
/* End XCBuildConfiguration section */

/* Begin XCConfigurationList section */
		F54A94CF283504E5002652C2 /* Build configuration list for PBXProject "Libra расходы" */ = {
			isa = XCConfigurationList;
			buildConfigurations = (
				F54A94E6283504E7002652C2 /* Debug */,
				F54A94E7283504E7002652C2 /* Release */,
			);
			defaultConfigurationIsVisible = 0;
			defaultConfigurationName = Release;
		};
		F54A94E8283504E7002652C2 /* Build configuration list for PBXNativeTarget "Libra расходы" */ = {
			isa = XCConfigurationList;
			buildConfigurations = (
				F54A94E9283504E7002652C2 /* Debug */,
				F54A94EA283504E7002652C2 /* Release */,
			);
			defaultConfigurationIsVisible = 0;
			defaultConfigurationName = Release;
		};
/* End XCConfigurationList section */
	};
	rootObject = F54A94CC283504E5002652C2 /* Project object */;
}
